{
  "name": "ion-json",
  "version": "0.0.0",
  "lockfileVersion": 1,
  "requires": true,
  "dependencies": {
    "ion-js": {
      "version": "3.0.0",
      "resolved": "https://registry.npmjs.org/ion-js/-/ion-js-3.0.0.tgz",
      "integrity": "sha512-rN4vQM+vFIFroFIu/vR4rJMcskQzhiWzTOZ1jONyJ1PxWltSF9gzOXdzQXw75/zmcPPXcj3+p4Rt9DYCL9dkrQ=="
    }
  }
}
